
Microsoft Visual Studio Solution File, Format Version 12.00
# Visual Studio Version 17
VisualStudioVersion = 17.7.34031.279
MinimumVisualStudioVersion = 10.0.40219.1
Project("{888888A0-9F3D-457C-B088-3A5042F75D52}") = "Battery Cell Config Generator", "Battery Cell Config Generator.pyproj", "{806E6725-AC48-4693-A43C-063A9551B154}"
EndProject
Global
	GlobalSection(SolutionConfigurationPlatforms) = preSolution
		Debug|Any CPU = Debug|Any CPU
		Release|Any CPU = Release|Any CPU
	EndGlobalSection
	GlobalSection(ProjectConfigurationPlatforms) = postSolution
		{806E6725-AC48-4693-A43C-063A9551B154}.Debug|Any CPU.ActiveCfg = Debug|Any CPU
		{806E6725-AC48-4693-A43C-063A9551B154}.Release|Any CPU.ActiveCfg = Release|Any CPU
	EndGlobalSection
	GlobalSection(SolutionProperties) = preSolution
		HideSolutionNode = FALSE
	EndGlobalSection
	GlobalSection(ExtensibilityGlobals) = postSolution
		SolutionGuid = {2F1416A9-EB6B-4ACD-A33A-86FD0EA2EA25}
	EndGlobalSection
EndGlobal
